
Microsoft Visual Studio Solution File, Format Version 12.00
# Visual Studio Version 16
VisualStudioVersion = 16.0.29503.13
MinimumVisualStudioVersion = 10.0.40219.1
Project("{9A19103F-16F7-4668-BE54-9A1E7A4F7556}") = "rt_1_in_one_week", "rt_1_in_one_week\rt_1_in_one_week.csproj", "{E0CC61D9-7E3A-4819-BA6C-D1CA0360319D}"
	ProjectSection(ProjectDependencies) = postProject
		{CEFBEE10-ED28-48EC-B461-AE00A91A6518} = {CEFBEE10-ED28-48EC-B461-AE00A91A6518}
	EndProjectSection
EndProject
Project("{9A19103F-16F7-4668-BE54-9A1E7A4F7556}") = "ray_tracing_modules", "ray_tracing_modules\ray_tracing_modules.csproj", "{CEFBEE10-ED28-48EC-B461-AE00A91A6518}"
EndProject
Project("{2150E333-8FDC-42A3-9474-1A3956D46DE8}") = "Solution Items", "Solution Items", "{9BB27092-6640-45B8-BF1A-60ECBC25226A}"
	ProjectSection(SolutionItems) = preProject
		readme.md = readme.md
		todo.md = todo.md
	EndProjectSection
EndProject
Project("{9A19103F-16F7-4668-BE54-9A1E7A4F7556}") = "WpfViewModelModule", "WpfViewModelModule\WpfViewModelModule.csproj", "{DD57C628-41CA-46B2-B8D6-7191697D915D}"
EndProject
Project("{9A19103F-16F7-4668-BE54-9A1E7A4F7556}") = "rt_2_the_next_week", "rt_2_the_next_week\rt_2_the_next_week.csproj", "{8FE8703A-9D1E-4B5B-B627-0D241C6E49E0}"
EndProject
Global
	GlobalSection(SolutionConfigurationPlatforms) = preSolution
		Debug|Any CPU = Debug|Any CPU
		Release|Any CPU = Release|Any CPU
	EndGlobalSection
	GlobalSection(ProjectConfigurationPlatforms) = postSolution
		{E0CC61D9-7E3A-4819-BA6C-D1CA0360319D}.Debug|Any CPU.ActiveCfg = Debug|Any CPU
		{E0CC61D9-7E3A-4819-BA6C-D1CA0360319D}.Debug|Any CPU.Build.0 = Debug|Any CPU
		{E0CC61D9-7E3A-4819-BA6C-D1CA0360319D}.Release|Any CPU.ActiveCfg = Release|Any CPU
		{E0CC61D9-7E3A-4819-BA6C-D1CA0360319D}.Release|Any CPU.Build.0 = Release|Any CPU
		{CEFBEE10-ED28-48EC-B461-AE00A91A6518}.Debug|Any CPU.ActiveCfg = Debug|Any CPU
		{CEFBEE10-ED28-48EC-B461-AE00A91A6518}.Debug|Any CPU.Build.0 = Debug|Any CPU
		{CEFBEE10-ED28-48EC-B461-AE00A91A6518}.Release|Any CPU.ActiveCfg = Release|Any CPU
		{CEFBEE10-ED28-48EC-B461-AE00A91A6518}.Release|Any CPU.Build.0 = Release|Any CPU
		{DD57C628-41CA-46B2-B8D6-7191697D915D}.Debug|Any CPU.ActiveCfg = Debug|Any CPU
		{DD57C628-41CA-46B2-B8D6-7191697D915D}.Debug|Any CPU.Build.0 = Debug|Any CPU
		{DD57C628-41CA-46B2-B8D6-7191697D915D}.Release|Any CPU.ActiveCfg = Release|Any CPU
		{DD57C628-41CA-46B2-B8D6-7191697D915D}.Release|Any CPU.Build.0 = Release|Any CPU
		{8FE8703A-9D1E-4B5B-B627-0D241C6E49E0}.Debug|Any CPU.ActiveCfg = Debug|Any CPU
		{8FE8703A-9D1E-4B5B-B627-0D241C6E49E0}.Debug|Any CPU.Build.0 = Debug|Any CPU
		{8FE8703A-9D1E-4B5B-B627-0D241C6E49E0}.Release|Any CPU.ActiveCfg = Release|Any CPU
		{8FE8703A-9D1E-4B5B-B627-0D241C6E49E0}.Release|Any CPU.Build.0 = Release|Any CPU
	EndGlobalSection
	GlobalSection(SolutionProperties) = preSolution
		HideSolutionNode = FALSE
	EndGlobalSection
	GlobalSection(ExtensibilityGlobals) = postSolution
		SolutionGuid = {3AE29382-5351-4953-9EBE-8FC0A546EE6E}
	EndGlobalSection
EndGlobal
